<?xml version="1.0" encoding="utf-8"?>
<Project ToolsVersion="4.0" xmlns="http://schemas.microsoft.com/developer/msbuild/2003">
  <ItemGroup>
    <Filter Include="源文件">
      <UniqueIdentifier>{4FC737F1-C7A5-4376-A066-2A32D752A2FF}</UniqueIdentifier>
      <Extensions>cpp;c;cc;cxx;def;odl;idl;hpj;bat;asm;asmx</Extensions>
    </Filter>
    <Filter Include="头文件">
      <UniqueIdentifier>{93995380-89BD-4b04-88EB-625FBE52EBFB}</UniqueIdentifier>
      <Extensions>h;hh;hpp;hxx;hm;inl;inc;ipp;xsd</Extensions>
    </Filter>
    <Filter Include="资源文件">
      <UniqueIdentifier>{67DA6AB6-F800-4c08-8B7A-83BB121AAD01}</UniqueIdentifier>
      <Extensions>rc;ico;cur;bmp;dlg;rc2;rct;bin;rgs;gif;jpg;jpeg;jpe;resx;tiff;tif;png;wav;mfcribbon-ms</Extensions>
    </Filter>
    <Filter Include="MINT">
      <UniqueIdentifier>{dce36164-c9c3-4c4c-85ad-3e1ea83fded8}</UniqueIdentifier>
    </Filter>
    <Filter Include="DetoursEx">
      <UniqueIdentifier>{de939e16-a69d-4d22-91ae-5ee0683a7671}</UniqueIdentifier>
    </Filter>
  </ItemGroup>
  <ItemGroup>
    <ClCompile Include="Main.cpp">
      <Filter>源文件</Filter>
    </ClCompile>
    <ClCompile Include="FixTls.cpp">
      <Filter>源文件</Filter>
    </ClCompile>
    <ClCompile Include="..\third_party\DetoursEx\Detours\src\creatwth.cpp">
      <Filter>DetoursEx</Filter>
    </ClCompile>
    <ClCompile Include="..\third_party\DetoursEx\Detours\src\detours.cpp">
      <Filter>DetoursEx</Filter>
    </ClCompile>
    <ClCompile Include="..\third_party\DetoursEx\Detours\src\DetoursNotify.cpp">
      <Filter>DetoursEx</Filter>
    </ClCompile>
    <ClCompile Include="..\third_party\DetoursEx\Detours\src\disasm.cpp">
      <Filter>DetoursEx</Filter>
    </ClCompile>
    <ClCompile Include="..\third_party\DetoursEx\Detours\src\disolarm.cpp">
      <Filter>DetoursEx</Filter>
    </ClCompile>
    <ClCompile Include="..\third_party\DetoursEx\Detours\src\disolarm64.cpp">
      <Filter>DetoursEx</Filter>
    </ClCompile>
    <ClCompile Include="..\third_party\DetoursEx\Detours\src\disolia64.cpp">
      <Filter>DetoursEx</Filter>
    </ClCompile>
    <ClCompile Include="..\third_party\DetoursEx\Detours\src\disolx64.cpp">
      <Filter>DetoursEx</Filter>
    </ClCompile>
    <ClCompile Include="..\third_party\DetoursEx\Detours\src\disolx86.cpp">
      <Filter>DetoursEx</Filter>
    </ClCompile>
    <ClCompile Include="..\third_party\DetoursEx\Detours\src\image.cpp">
      <Filter>DetoursEx</Filter>
    </ClCompile>
    <ClCompile Include="..\third_party\DetoursEx\Detours\src\modules.cpp">
      <Filter>DetoursEx</Filter>
    </ClCompile>
  </ItemGroup>
  <ItemGroup>
    <ClInclude Include="FixTls.h">
      <Filter>头文件</Filter>
    </ClInclude>
    <ClInclude Include="..\third_party\MINT\MINT.h">
      <Filter>MINT</Filter>
    </ClInclude>
  </ItemGroup>
</Project>